
Microsoft Visual Studio Solution File, Format Version 12.00
# Visual Studio Version 16
VisualStudioVersion = 16.0.28407.52
MinimumVisualStudioVersion = 10.0.40219.1
Project("{FAE04EC0-301F-11D3-BF4B-00C04F79EFBC}") = "ScrollApp", "ScrollApp\ScrollApp\ScrollApp.csproj", "{FE3882B1-145E-4285-9A3E-16CF8E0A670C}"
EndProject
Project("{FAE04EC0-301F-11D3-BF4B-00C04F79EFBC}") = "ScrollApp.Android", "ScrollApp\ScrollApp.Android\ScrollApp.Android.csproj", "{05484096-8060-4EB8-A09B-9B5456E6DBA2}"
EndProject
Global
	GlobalSection(SolutionConfigurationPlatforms) = preSolution
		Debug|Any CPU = Debug|Any CPU
		Release|Any CPU = Release|Any CPU
	EndGlobalSection
	GlobalSection(ProjectConfigurationPlatforms) = postSolution
		{FE3882B1-145E-4285-9A3E-16CF8E0A670C}.Debug|Any CPU.ActiveCfg = Debug|Any CPU
		{FE3882B1-145E-4285-9A3E-16CF8E0A670C}.Debug|Any CPU.Build.0 = Debug|Any CPU
		{FE3882B1-145E-4285-9A3E-16CF8E0A670C}.Release|Any CPU.ActiveCfg = Release|Any CPU
		{FE3882B1-145E-4285-9A3E-16CF8E0A670C}.Release|Any CPU.Build.0 = Release|Any CPU
		{05484096-8060-4EB8-A09B-9B5456E6DBA2}.Debug|Any CPU.ActiveCfg = Debug|Any CPU
		{05484096-8060-4EB8-A09B-9B5456E6DBA2}.Debug|Any CPU.Build.0 = Debug|Any CPU
		{05484096-8060-4EB8-A09B-9B5456E6DBA2}.Debug|Any CPU.Deploy.0 = Debug|Any CPU
		{05484096-8060-4EB8-A09B-9B5456E6DBA2}.Release|Any CPU.ActiveCfg = Release|Any CPU
		{05484096-8060-4EB8-A09B-9B5456E6DBA2}.Release|Any CPU.Build.0 = Release|Any CPU
		{05484096-8060-4EB8-A09B-9B5456E6DBA2}.Release|Any CPU.Deploy.0 = Release|Any CPU
	EndGlobalSection
	GlobalSection(SolutionProperties) = preSolution
		HideSolutionNode = FALSE
	EndGlobalSection
	GlobalSection(ExtensibilityGlobals) = postSolution
		SolutionGuid = {C6321F75-FC2B-437E-94A4-463D00478E6D}
	EndGlobalSection
EndGlobal
